
Microsoft Visual Studio Solution File, Format Version 12.00
# Visual Studio Version 17
VisualStudioVersion = 17.11.35303.130
MinimumVisualStudioVersion = 10.0.40219.1
Project("{9A19103F-16F7-4668-BE54-9A1E7A4F7556}") = "Tyuiu.AkhmedullovRR.Sprint2.Task0.V4", "Tyuiu.AkhmedullovRR.Sprint2.Task0.V4\Tyuiu.AkhmedullovRR.Sprint2.Task0.V4.csproj", "{689904A2-0AAB-43AC-A6B1-AAD0AEC9854A}"
EndProject
Project("{2150E333-8FDC-42A3-9474-1A3956D46DE8}") = "Task0", "Task0", "{503764E7-8F3E-4208-B3CF-20FE792EBD6C}"
EndProject
Project("{FAE04EC0-301F-11D3-BF4B-00C04F79EFBC}") = "Tyuiu.AkhmedullovRR.Sprint2.Task0.V4.Test", "Tyuiu.AkhmedullovRR.Sprint2.Task0.V4.Test\Tyuiu.AkhmedullovRR.Sprint2.Task0.V4.Test.csproj", "{400D8210-8074-480D-8DAB-E440BB13C480}"
EndProject
Project("{FAE04EC0-301F-11D3-BF4B-00C04F79EFBC}") = "Tyuiu.AkhmedullovRR.Sprint2.Task0.V4.Lib", "Tyuiu.AkhmedullovRR.Sprint2.Task0.V4.Lib\Tyuiu.AkhmedullovRR.Sprint2.Task0.V4.Lib.csproj", "{83B27263-0EF7-4CB5-B4E3-7586056CD240}"
EndProject
Project("{2150E333-8FDC-42A3-9474-1A3956D46DE8}") = "Task1", "Task1", "{099FDC59-E4B0-4156-8323-06FB0DC87C3D}"
EndProject
Project("{FAE04EC0-301F-11D3-BF4B-00C04F79EFBC}") = "Tyuiu.AkhmedullovRR.Sprint2.Task1.V25", "Tyuiu.AkhmedullovRR.Sprint2.Task1.V25\Tyuiu.AkhmedullovRR.Sprint2.Task1.V25.csproj", "{1AA748C1-B1BA-47E3-B35F-1D7AEDC9FBA2}"
EndProject
Project("{FAE04EC0-301F-11D3-BF4B-00C04F79EFBC}") = "Tyuiu.AkhmedullovRR.Sprint2.Task1.V25.Lib", "Tyuiu.AkhmedullovRR.Sprint2.Task1.V25.Lib\Tyuiu.AkhmedullovRR.Sprint2.Task1.V25.Lib.csproj", "{C643EE1E-2D04-4CD5-86EE-6925F5D119E5}"
EndProject
Project("{FAE04EC0-301F-11D3-BF4B-00C04F79EFBC}") = "Tyuiu.AkhmedullovRR.Sprint2.Task1.V25.Test", "Tyuiu.AkhmedullovRR.Sprint2.Task1.V25.Test\Tyuiu.AkhmedullovRR.Sprint2.Task1.V25.Test.csproj", "{F4C58A48-F6D5-40BD-BBA1-46D4E0042CD0}"
EndProject
Global
	GlobalSection(SolutionConfigurationPlatforms) = preSolution
		Debug|Any CPU = Debug|Any CPU
		Release|Any CPU = Release|Any CPU
	EndGlobalSection
	GlobalSection(ProjectConfigurationPlatforms) = postSolution
		{689904A2-0AAB-43AC-A6B1-AAD0AEC9854A}.Debug|Any CPU.ActiveCfg = Debug|Any CPU
		{689904A2-0AAB-43AC-A6B1-AAD0AEC9854A}.Debug|Any CPU.Build.0 = Debug|Any CPU
		{689904A2-0AAB-43AC-A6B1-AAD0AEC9854A}.Release|Any CPU.ActiveCfg = Release|Any CPU
		{689904A2-0AAB-43AC-A6B1-AAD0AEC9854A}.Release|Any CPU.Build.0 = Release|Any CPU
		{400D8210-8074-480D-8DAB-E440BB13C480}.Debug|Any CPU.ActiveCfg = Debug|Any CPU
		{400D8210-8074-480D-8DAB-E440BB13C480}.Debug|Any CPU.Build.0 = Debug|Any CPU
		{400D8210-8074-480D-8DAB-E440BB13C480}.Release|Any CPU.ActiveCfg = Release|Any CPU
		{400D8210-8074-480D-8DAB-E440BB13C480}.Release|Any CPU.Build.0 = Release|Any CPU
		{83B27263-0EF7-4CB5-B4E3-7586056CD240}.Debug|Any CPU.ActiveCfg = Debug|Any CPU
		{83B27263-0EF7-4CB5-B4E3-7586056CD240}.Debug|Any CPU.Build.0 = Debug|Any CPU
		{83B27263-0EF7-4CB5-B4E3-7586056CD240}.Release|Any CPU.ActiveCfg = Release|Any CPU
		{83B27263-0EF7-4CB5-B4E3-7586056CD240}.Release|Any CPU.Build.0 = Release|Any CPU
		{1AA748C1-B1BA-47E3-B35F-1D7AEDC9FBA2}.Debug|Any CPU.ActiveCfg = Debug|Any CPU
		{1AA748C1-B1BA-47E3-B35F-1D7AEDC9FBA2}.Debug|Any CPU.Build.0 = Debug|Any CPU
		{1AA748C1-B1BA-47E3-B35F-1D7AEDC9FBA2}.Release|Any CPU.ActiveCfg = Release|Any CPU
		{1AA748C1-B1BA-47E3-B35F-1D7AEDC9FBA2}.Release|Any CPU.Build.0 = Release|Any CPU
		{C643EE1E-2D04-4CD5-86EE-6925F5D119E5}.Debug|Any CPU.ActiveCfg = Debug|Any CPU
		{C643EE1E-2D04-4CD5-86EE-6925F5D119E5}.Debug|Any CPU.Build.0 = Debug|Any CPU
		{C643EE1E-2D04-4CD5-86EE-6925F5D119E5}.Release|Any CPU.ActiveCfg = Release|Any CPU
		{C643EE1E-2D04-4CD5-86EE-6925F5D119E5}.Release|Any CPU.Build.0 = Release|Any CPU
		{F4C58A48-F6D5-40BD-BBA1-46D4E0042CD0}.Debug|Any CPU.ActiveCfg = Debug|Any CPU
		{F4C58A48-F6D5-40BD-BBA1-46D4E0042CD0}.Debug|Any CPU.Build.0 = Debug|Any CPU
		{F4C58A48-F6D5-40BD-BBA1-46D4E0042CD0}.Release|Any CPU.ActiveCfg = Release|Any CPU
		{F4C58A48-F6D5-40BD-BBA1-46D4E0042CD0}.Release|Any CPU.Build.0 = Release|Any CPU
	EndGlobalSection
	GlobalSection(SolutionProperties) = preSolution
		HideSolutionNode = FALSE
	EndGlobalSection
	GlobalSection(NestedProjects) = preSolution
		{689904A2-0AAB-43AC-A6B1-AAD0AEC9854A} = {503764E7-8F3E-4208-B3CF-20FE792EBD6C}
		{400D8210-8074-480D-8DAB-E440BB13C480} = {503764E7-8F3E-4208-B3CF-20FE792EBD6C}
		{83B27263-0EF7-4CB5-B4E3-7586056CD240} = {503764E7-8F3E-4208-B3CF-20FE792EBD6C}
		{1AA748C1-B1BA-47E3-B35F-1D7AEDC9FBA2} = {099FDC59-E4B0-4156-8323-06FB0DC87C3D}
		{C643EE1E-2D04-4CD5-86EE-6925F5D119E5} = {099FDC59-E4B0-4156-8323-06FB0DC87C3D}
		{F4C58A48-F6D5-40BD-BBA1-46D4E0042CD0} = {099FDC59-E4B0-4156-8323-06FB0DC87C3D}
	EndGlobalSection
	GlobalSection(ExtensibilityGlobals) = postSolution
		SolutionGuid = {564A75B3-A59F-4FA7-B40D-23B1EB545547}
	EndGlobalSection
EndGlobal
